
Microsoft Visual Studio Solution File, Format Version 12.00
# Visual Studio Version 16
VisualStudioVersion = 16.0.31112.23
MinimumVisualStudioVersion = 10.0.40219.1
Project("{FAE04EC0-301F-11D3-BF4B-00C04F79EFBC}") = "imageConverter", "imageConverter\imageConverter.csproj", "{B7159E02-2E1C-45E5-A1EB-F520189F2A15}"
EndProject
Global
	GlobalSection(SolutionConfigurationPlatforms) = preSolution
		Debug|Any CPU = Debug|Any CPU
		Release|Any CPU = Release|Any CPU
	EndGlobalSection
	GlobalSection(ProjectConfigurationPlatforms) = postSolution
		{B7159E02-2E1C-45E5-A1EB-F520189F2A15}.Debug|Any CPU.ActiveCfg = Debug|Any CPU
		{B7159E02-2E1C-45E5-A1EB-F520189F2A15}.Debug|Any CPU.Build.0 = Debug|Any CPU
		{B7159E02-2E1C-45E5-A1EB-F520189F2A15}.Release|Any CPU.ActiveCfg = Release|Any CPU
		{B7159E02-2E1C-45E5-A1EB-F520189F2A15}.Release|Any CPU.Build.0 = Release|Any CPU
	EndGlobalSection
	GlobalSection(SolutionProperties) = preSolution
		HideSolutionNode = FALSE
	EndGlobalSection
	GlobalSection(ExtensibilityGlobals) = postSolution
		SolutionGuid = {A82A6B3D-AC85-4B53-879A-BBB800FD05D8}
	EndGlobalSection
EndGlobal
